
Microsoft Visual Studio Solution File, Format Version 12.00
# Visual Studio Version 17
VisualStudioVersion = 17.11.35327.3
MinimumVisualStudioVersion = 10.0.40219.1
Project("{FAE04EC0-301F-11D3-BF4B-00C04F79EFBC}") = "MagicVenteStore", "MagicVenteStore\MagicVenteStore.csproj", "{3747B0A2-7558-4B4F-BA30-3E684340F0EE}"
EndProject
Global
	GlobalSection(SolutionConfigurationPlatforms) = preSolution
		Debug|Any CPU = Debug|Any CPU
		Release|Any CPU = Release|Any CPU
	EndGlobalSection
	GlobalSection(ProjectConfigurationPlatforms) = postSolution
		{3747B0A2-7558-4B4F-BA30-3E684340F0EE}.Debug|Any CPU.ActiveCfg = Debug|Any CPU
		{3747B0A2-7558-4B4F-BA30-3E684340F0EE}.Debug|Any CPU.Build.0 = Debug|Any CPU
		{3747B0A2-7558-4B4F-BA30-3E684340F0EE}.Release|Any CPU.ActiveCfg = Release|Any CPU
		{3747B0A2-7558-4B4F-BA30-3E684340F0EE}.Release|Any CPU.Build.0 = Release|Any CPU
	EndGlobalSection
	GlobalSection(SolutionProperties) = preSolution
		HideSolutionNode = FALSE
	EndGlobalSection
	GlobalSection(ExtensibilityGlobals) = postSolution
		SolutionGuid = {65A5DF6F-A387-4D90-B684-6DA88D1776BF}
	EndGlobalSection
EndGlobal
